// !$*UTF8*$!
{
	archiveVersion = 1;
	classes = {
	};
	objectVersion = 50;
	objects = {

/* Begin PBXBuildFile section */
		4BC79DA822102D4A00F57AA3 /* AppDelegate.swift in Sources */ = {isa = PBXBuildFile; fileRef = 4BC79DA722102D4A00F57AA3 /* AppDelegate.swift */; };
		4BC79DAA22102D4A00F57AA3 /* ViewController.swift in Sources */ = {isa = PBXBuildFile; fileRef = 4BC79DA922102D4A00F57AA3 /* ViewController.swift */; };
		4BC79DAD22102D4A00F57AA3 /* Main.storyboard in Resources */ = {isa = PBXBuildFile; fileRef = 4BC79DAB22102D4A00F57AA3 /* Main.storyboard */; };
		4BC79DAF22102D4B00F57AA3 /* Assets.xcassets in Resources */ = {isa = PBXBuildFile; fileRef = 4BC79DAE22102D4B00F57AA3 /* Assets.xcassets */; };
		4BC79DB222102D4B00F57AA3 /* LaunchScreen.storyboard in Resources */ = {isa = PBXBuildFile; fileRef = 4BC79DB022102D4B00F57AA3 /* LaunchScreen.storyboard */; };
		4BC79DDB22102DA300F57AA3 /* NewsViewControllerModal.swift in Sources */ = {isa = PBXBuildFile; fileRef = 4BC79DDA22102DA300F57AA3 /* NewsViewControllerModal.swift */; };
		4BC79DDE22102F1E00F57AA3 /* NewsTableCell.swift in Sources */ = {isa = PBXBuildFile; fileRef = 4BC79DDD22102F1E00F57AA3 /* NewsTableCell.swift */; };
		4BC79DE222102FD600F57AA3 /* BaseImageView.swift in Sources */ = {isa = PBXBuildFile; fileRef = 4BC79DE122102FD600F57AA3 /* BaseImageView.swift */; };
		4BC79DE52210325E00F57AA3 /* BaseLabel.swift in Sources */ = {isa = PBXBuildFile; fileRef = 4BC79DE42210325E00F57AA3 /* BaseLabel.swift */; };
		4BC79DE72210332B00F57AA3 /* NewsTableHeaderView.xib in Resources */ = {isa = PBXBuildFile; fileRef = 4BC79DE62210332B00F57AA3 /* NewsTableHeaderView.xib */; };
		4BC79DE9221033BD00F57AA3 /* NewsTableHeaderView.swift in Sources */ = {isa = PBXBuildFile; fileRef = 4BC79DE8221033BD00F57AA3 /* NewsTableHeaderView.swift */; };
		4BC79DEB22103EA000F57AA3 /* UIView+Extension.swift in Sources */ = {isa = PBXBuildFile; fileRef = 4BC79DEA22103EA000F57AA3 /* UIView+Extension.swift */; };
/* End PBXBuildFile section */

/* Begin PBXFileReference section */
		4BC79DA422102D4A00F57AA3 /* NewsProject.app */ = {isa = PBXFileReference; explicitFileType = wrapper.application; includeInIndex = 0; path = NewsProject.app; sourceTree = BUILT_PRODUCTS_DIR; };
		4BC79DA722102D4A00F57AA3 /* AppDelegate.swift */ = {isa = PBXFileReference; lastKnownFileType = sourcecode.swift; path = AppDelegate.swift; sourceTree = "<group>"; };
		4BC79DA922102D4A00F57AA3 /* ViewController.swift */ = {isa = PBXFileReference; lastKnownFileType = sourcecode.swift; path = ViewController.swift; sourceTree = "<group>"; };
		4BC79DAC22102D4A00F57AA3 /* Base */ = {isa = PBXFileReference; lastKnownFileType = file.storyboard; name = Base; path = Base.lproj/Main.storyboard; sourceTree = "<group>"; };
		4BC79DAE22102D4B00F57AA3 /* Assets.xcassets */ = {isa = PBXFileReference; lastKnownFileType = folder.assetcatalog; path = Assets.xcassets; sourceTree = "<group>"; };
		4BC79DB122102D4B00F57AA3 /* Base */ = {isa = PBXFileReference; lastKnownFileType = file.storyboard; name = Base; path = Base.lproj/LaunchScreen.storyboard; sourceTree = "<group>"; };
		4BC79DB322102D4B00F57AA3 /* Info.plist */ = {isa = PBXFileReference; lastKnownFileType = text.plist.xml; path = Info.plist; sourceTree = "<group>"; };
		4BC79DDA22102DA300F57AA3 /* NewsViewControllerModal.swift */ = {isa = PBXFileReference; lastKnownFileType = sourcecode.swift; path = NewsViewControllerModal.swift; sourceTree = "<group>"; };
		4BC79DDD22102F1E00F57AA3 /* NewsTableCell.swift */ = {isa = PBXFileReference; lastKnownFileType = sourcecode.swift; path = NewsTableCell.swift; sourceTree = "<group>"; };
		4BC79DE122102FD600F57AA3 /* BaseImageView.swift */ = {isa = PBXFileReference; lastKnownFileType = sourcecode.swift; path = BaseImageView.swift; sourceTree = "<group>"; };
		4BC79DE42210325E00F57AA3 /* BaseLabel.swift */ = {isa = PBXFileReference; lastKnownFileType = sourcecode.swift; path = BaseLabel.swift; sourceTree = "<group>"; };
		4BC79DE62210332B00F57AA3 /* NewsTableHeaderView.xib */ = {isa = PBXFileReference; lastKnownFileType = file.xib; path = NewsTableHeaderView.xib; sourceTree = "<group>"; };
		4BC79DE8221033BD00F57AA3 /* NewsTableHeaderView.swift */ = {isa = PBXFileReference; lastKnownFileType = sourcecode.swift; path = NewsTableHeaderView.swift; sourceTree = "<group>"; };
		4BC79DEA22103EA000F57AA3 /* UIView+Extension.swift */ = {isa = PBXFileReference; lastKnownFileType = sourcecode.swift; path = "UIView+Extension.swift"; sourceTree = "<group>"; };
/* End PBXFileReference section */

/* Begin PBXFrameworksBuildPhase section */
		4BC79DA122102D4A00F57AA3 /* Frameworks */ = {
			isa = PBXFrameworksBuildPhase;
			buildActionMask = 2147483647;
			files = (
			);
			runOnlyForDeploymentPostprocessing = 0;
		};
/* End PBXFrameworksBuildPhase section */

/* Begin PBXGroup section */
		4BC79D9B22102D4A00F57AA3 = {
			isa = PBXGroup;
			children = (
				4BC79DA622102D4A00F57AA3 /* NewsProject */,
				4BC79DA522102D4A00F57AA3 /* Products */,
			);
			sourceTree = "<group>";
		};
		4BC79DA522102D4A00F57AA3 /* Products */ = {
			isa = PBXGroup;
			children = (
				4BC79DA422102D4A00F57AA3 /* NewsProject.app */,
			);
			name = Products;
			sourceTree = "<group>";
		};
		4BC79DA622102D4A00F57AA3 /* NewsProject */ = {
			isa = PBXGroup;
			children = (
				4BC79DE32210311500F57AA3 /* BaseControls */,
				4BC79DDC22102F0700F57AA3 /* TableViewCell */,
				4BC79DD922102D8800F57AA3 /* Extension */,
				4BC79DD822102D8100F57AA3 /* Constant */,
				4BC79DD722102D7700F57AA3 /* Xib */,
				4BC79DD622102D6E00F57AA3 /* Views */,
				4BC79DD522102D5900F57AA3 /* ViewModal */,
				4BC79DA722102D4A00F57AA3 /* AppDelegate.swift */,
				4BC79DA922102D4A00F57AA3 /* ViewController.swift */,
				4BC79DAB22102D4A00F57AA3 /* Main.storyboard */,
				4BC79DAE22102D4B00F57AA3 /* Assets.xcassets */,
				4BC79DB022102D4B00F57AA3 /* LaunchScreen.storyboard */,
				4BC79DB322102D4B00F57AA3 /* Info.plist */,
			);
			path = NewsProject;
			sourceTree = "<group>";
		};
		4BC79DD522102D5900F57AA3 /* ViewModal */ = {
			isa = PBXGroup;
			children = (
				4BC79DDA22102DA300F57AA3 /* NewsViewControllerModal.swift */,
			);
			path = ViewModal;
			sourceTree = "<group>";
		};
		4BC79DD622102D6E00F57AA3 /* Views */ = {
			isa = PBXGroup;
			children = (
				4BC79DE8221033BD00F57AA3 /* NewsTableHeaderView.swift */,
			);
			path = Views;
			sourceTree = "<group>";
		};
		4BC79DD722102D7700F57AA3 /* Xib */ = {
			isa = PBXGroup;
			children = (
				4BC79DE62210332B00F57AA3 /* NewsTableHeaderView.xib */,
			);
			path = Xib;
			sourceTree = "<group>";
		};
		4BC79DD822102D8100F57AA3 /* Constant */ = {
			isa = PBXGroup;
			children = (
			);
			path = Constant;
			sourceTree = "<group>";
		};
		4BC79DD922102D8800F57AA3 /* Extension */ = {
			isa = PBXGroup;
			children = (
				4BC79DEA22103EA000F57AA3 /* UIView+Extension.swift */,
			);
			path = Extension;
			sourceTree = "<group>";
		};
		4BC79DDC22102F0700F57AA3 /* TableViewCell */ = {
			isa = PBXGroup;
			children = (
				4BC79DDD22102F1E00F57AA3 /* NewsTableCell.swift */,
			);
			path = TableViewCell;
			sourceTree = "<group>";
		};
		4BC79DE32210311500F57AA3 /* BaseControls */ = {
			isa = PBXGroup;
			children = (
				4BC79DE122102FD600F57AA3 /* BaseImageView.swift */,
				4BC79DE42210325E00F57AA3 /* BaseLabel.swift */,
			);
			path = BaseControls;
			sourceTree = "<group>";
		};
/* End PBXGroup section */

/* Begin PBXNativeTarget section */
		4BC79DA322102D4A00F57AA3 /* NewsProject */ = {
			isa = PBXNativeTarget;
			buildConfigurationList = 4BC79DCC22102D4B00F57AA3 /* Build configuration list for PBXNativeTarget "NewsProject" */;
			buildPhases = (
				4BC79DA022102D4A00F57AA3 /* Sources */,
				4BC79DA122102D4A00F57AA3 /* Frameworks */,
				4BC79DA222102D4A00F57AA3 /* Resources */,
			);
			buildRules = (
			);
			dependencies = (
			);
			name = NewsProject;
			productName = NewsProject;
			productReference = 4BC79DA422102D4A00F57AA3 /* NewsProject.app */;
			productType = "com.apple.product-type.application";
		};
/* End PBXNativeTarget section */

/* Begin PBXProject section */
		4BC79D9C22102D4A00F57AA3 /* Project object */ = {
			isa = PBXProject;
			attributes = {
				LastSwiftUpdateCheck = 1010;
				LastUpgradeCheck = 1010;
				ORGANIZATIONNAME = Piyush;
				TargetAttributes = {
					4BC79DA322102D4A00F57AA3 = {
						CreatedOnToolsVersion = 10.1;
					};
				};
			};
			buildConfigurationList = 4BC79D9F22102D4A00F57AA3 /* Build configuration list for PBXProject "NewsProject" */;
			compatibilityVersion = "Xcode 9.3";
			developmentRegion = en;
			hasScannedForEncodings = 0;
			knownRegions = (
				en,
				Base,
			);
			mainGroup = 4BC79D9B22102D4A00F57AA3;
			productRefGroup = 4BC79DA522102D4A00F57AA3 /* Products */;
			projectDirPath = "";
			projectRoot = "";
			targets = (
				4BC79DA322102D4A00F57AA3 /* NewsProject */,
			);
		};
/* End PBXProject section */

/* Begin PBXResourcesBuildPhase section */
		4BC79DA222102D4A00F57AA3 /* Resources */ = {
			isa = PBXResourcesBuildPhase;
			buildActionMask = 2147483647;
			files = (
				4BC79DB222102D4B00F57AA3 /* LaunchScreen.storyboard in Resources */,
				4BC79DE72210332B00F57AA3 /* NewsTableHeaderView.xib in Resources */,
				4BC79DAF22102D4B00F57AA3 /* Assets.xcassets in Resources */,
				4BC79DAD22102D4A00F57AA3 /* Main.storyboard in Resources */,
			);
			runOnlyForDeploymentPostprocessing = 0;
		};
/* End PBXResourcesBuildPhase section */

/* Begin PBXSourcesBuildPhase section */
		4BC79DA022102D4A00F57AA3 /* Sources */ = {
			isa = PBXSourcesBuildPhase;
			buildActionMask = 2147483647;
			files = (
				4BC79DDB22102DA300F57AA3 /* NewsViewControllerModal.swift in Sources */,
				4BC79DE52210325E00F57AA3 /* BaseLabel.swift in Sources */,
				4BC79DEB22103EA000F57AA3 /* UIView+Extension.swift in Sources */,
				4BC79DAA22102D4A00F57AA3 /* ViewController.swift in Sources */,
				4BC79DE9221033BD00F57AA3 /* NewsTableHeaderView.swift in Sources */,
				4BC79DE222102FD600F57AA3 /* BaseImageView.swift in Sources */,
				4BC79DA822102D4A00F57AA3 /* AppDelegate.swift in Sources */,
				4BC79DDE22102F1E00F57AA3 /* NewsTableCell.swift in Sources */,
			);
			runOnlyForDeploymentPostprocessing = 0;
		};
/* End PBXSourcesBuildPhase section */

/* Begin PBXVariantGroup section */
		4BC79DAB22102D4A00F57AA3 /* Main.storyboard */ = {
			isa = PBXVariantGroup;
			children = (
				4BC79DAC22102D4A00F57AA3 /* Base */,
			);
			name = Main.storyboard;
			sourceTree = "<group>";
		};
		4BC79DB022102D4B00F57AA3 /* LaunchScreen.storyboard */ = {
			isa = PBXVariantGroup;
			children = (
				4BC79DB122102D4B00F57AA3 /* Base */,
			);
			name = LaunchScreen.storyboard;
			sourceTree = "<group>";
		};
/* End PBXVariantGroup section */

/* Begin XCBuildConfiguration section */
		4BC79DCA22102D4B00F57AA3 /* Debug */ = {
			isa = XCBuildConfiguration;
			buildSettings = {
				ALWAYS_SEARCH_USER_PATHS = NO;
				CLANG_ANALYZER_NONNULL = YES;
				CLANG_ANALYZER_NUMBER_OBJECT_CONVERSION = YES_AGGRESSIVE;
				CLANG_CXX_LANGUAGE_STANDARD = "gnu++14";
				CLANG_CXX_LIBRARY = "libc++";
				CLANG_ENABLE_MODULES = YES;
				CLANG_ENABLE_OBJC_ARC = YES;
				CLANG_ENABLE_OBJC_WEAK = YES;
				CLANG_WARN_BLOCK_CAPTURE_AUTORELEASING = YES;
				CLANG_WARN_BOOL_CONVERSION = YES;
				CLANG_WARN_COMMA = YES;
				CLANG_WARN_CONSTANT_CONVERSION = YES;
				CLANG_WARN_DEPRECATED_OBJC_IMPLEMENTATIONS = YES;
				CLANG_WARN_DIRECT_OBJC_ISA_USAGE = YES_ERROR;
				CLANG_WARN_DOCUMENTATION_COMMENTS = YES;
				CLANG_WARN_EMPTY_BODY = YES;
				CLANG_WARN_ENUM_CONVERSION = YES;
				CLANG_WARN_INFINITE_RECURSION = YES;
				CLANG_WARN_INT_CONVERSION = YES;
				CLANG_WARN_NON_LITERAL_NULL_CONVERSION = YES;
				CLANG_WARN_OBJC_IMPLICIT_RETAIN_SELF = YES;
				CLANG_WARN_OBJC_LITERAL_CONVERSION = YES;
				CLANG_WARN_OBJC_ROOT_CLASS = YES_ERROR;
				CLANG_WARN_RANGE_LOOP_ANALYSIS = YES;
				CLANG_WARN_STRICT_PROTOTYPES = YES;
				CLANG_WARN_SUSPICIOUS_MOVE = YES;
				CLANG_WARN_UNGUARDED_AVAILABILITY = YES_AGGRESSIVE;
				CLANG_WARN_UNREACHABLE_CODE = YES;
				CLANG_WARN__DUPLICATE_METHOD_MATCH = YES;
				CODE_SIGN_IDENTITY = "iPhone Developer";
				COPY_PHASE_STRIP = NO;
				DEBUG_INFORMATION_FORMAT = dwarf;
				ENABLE_STRICT_OBJC_MSGSEND = YES;
				ENABLE_TESTABILITY = YES;
				GCC_C_LANGUAGE_STANDARD = gnu11;
				GCC_DYNAMIC_NO_PIC = NO;
				GCC_NO_COMMON_BLOCKS = YES;
				GCC_OPTIMIZATION_LEVEL = 0;
				GCC_PREPROCESSOR_DEFINITIONS = (
					"DEBUG=1",
					"$(inherited)",
				);
				GCC_WARN_64_TO_32_BIT_CONVERSION = YES;
				GCC_WARN_ABOUT_RETURN_TYPE = YES_ERROR;
				GCC_WARN_UNDECLARED_SELECTOR = YES;
				GCC_WARN_UNINITIALIZED_AUTOS = YES_AGGRESSIVE;
				GCC_WARN_UNUSED_FUNCTION = YES;
				GCC_WARN_UNUSED_VARIABLE = YES;
				IPHONEOS_DEPLOYMENT_TARGET = 12.1;
				MTL_ENABLE_DEBUG_INFO = INCLUDE_SOURCE;
				MTL_FAST_MATH = YES;
				ONLY_ACTIVE_ARCH = YES;
				SDKROOT = iphoneos;
				SWIFT_ACTIVE_COMPILATION_CONDITIONS = DEBUG;
				SWIFT_OPTIMIZATION_LEVEL = "-Onone";
			};
			name = Debug;
		};
		4BC79DCB22102D4B00F57AA3 /* Release */ = {
			isa = XCBuildConfiguration;
			buildSettings = {
				ALWAYS_SEARCH_USER_PATHS = NO;
				CLANG_ANALYZER_NONNULL = YES;
				CLANG_ANALYZER_NUMBER_OBJECT_CONVERSION = YES_AGGRESSIVE;
				CLANG_CXX_LANGUAGE_STANDARD = "gnu++14";
				CLANG_CXX_LIBRARY = "libc++";
				CLANG_ENABLE_MODULES = YES;
				CLANG_ENABLE_OBJC_ARC = YES;
				CLANG_ENABLE_OBJC_WEAK = YES;
				CLANG_WARN_BLOCK_CAPTURE_AUTORELEASING = YES;
				CLANG_WARN_BOOL_CONVERSION = YES;
				CLANG_WARN_COMMA = YES;
				CLANG_WARN_CONSTANT_CONVERSION = YES;
				CLANG_WARN_DEPRECATED_OBJC_IMPLEMENTATIONS = YES;
				CLANG_WARN_DIRECT_OBJC_ISA_USAGE = YES_ERROR;
				CLANG_WARN_DOCUMENTATION_COMMENTS = YES;
				CLANG_WARN_EMPTY_BODY = YES;
				CLANG_WARN_ENUM_CONVERSION = YES;
				CLANG_WARN_INFINITE_RECURSION = YES;
				CLANG_WARN_INT_CONVERSION = YES;
				CLANG_WARN_NON_LITERAL_NULL_CONVERSION = YES;
				CLANG_WARN_OBJC_IMPLICIT_RETAIN_SELF = YES;
				CLANG_WARN_OBJC_LITERAL_CONVERSION = YES;
				CLANG_WARN_OBJC_ROOT_CLASS = YES_ERROR;
				CLANG_WARN_RANGE_LOOP_ANALYSIS = YES;
				CLANG_WARN_STRICT_PROTOTYPES = YES;
				CLANG_WARN_SUSPICIOUS_MOVE = YES;
				CLANG_WARN_UNGUARDED_AVAILABILITY = YES_AGGRESSIVE;
				CLANG_WARN_UNREACHABLE_CODE = YES;
				CLANG_WARN__DUPLICATE_METHOD_MATCH = YES;
				CODE_SIGN_IDENTITY = "iPhone Developer";
				COPY_PHASE_STRIP = NO;
				DEBUG_INFORMATION_FORMAT = "dwarf-with-dsym";
				ENABLE_NS_ASSERTIONS = NO;
				ENABLE_STRICT_OBJC_MSGSEND = YES;
				GCC_C_LANGUAGE_STANDARD = gnu11;
				GCC_NO_COMMON_BLOCKS = YES;
				GCC_WARN_64_TO_32_BIT_CONVERSION = YES;
				GCC_WARN_ABOUT_RETURN_TYPE = YES_ERROR;
				GCC_WARN_UNDECLARED_SELECTOR = YES;
				GCC_WARN_UNINITIALIZED_AUTOS = YES_AGGRESSIVE;
				GCC_WARN_UNUSED_FUNCTION = YES;
				GCC_WARN_UNUSED_VARIABLE = YES;
				IPHONEOS_DEPLOYMENT_TARGET = 12.1;
				MTL_ENABLE_DEBUG_INFO = NO;
				MTL_FAST_MATH = YES;
				SDKROOT = iphoneos;
				SWIFT_COMPILATION_MODE = wholemodule;
				SWIFT_OPTIMIZATION_LEVEL = "-O";
				VALIDATE_PRODUCT = YES;
			};
			name = Release;
		};
		4BC79DCD22102D4B00F57AA3 /* Debug */ = {
			isa = XCBuildConfiguration;
			buildSettings = {
				ASSETCATALOG_COMPILER_APPICON_NAME = AppIcon;
				CODE_SIGN_STYLE = Manual;
				DEVELOPMENT_TEAM = "";
				INFOPLIST_FILE = NewsProject/Info.plist;
				LD_RUNPATH_SEARCH_PATHS = (
					"$(inherited)",
					"@executable_path/Frameworks",
				);
				PRODUCT_BUNDLE_IDENTIFIER = com.app.NewsProject;
				PRODUCT_NAME = "$(TARGET_NAME)";
				PROVISIONING_PROFILE_SPECIFIER = "";
				SWIFT_VERSION = 4.2;
				TARGETED_DEVICE_FAMILY = "1,2";
			};
			name = Debug;
		};
		4BC79DCE22102D4B00F57AA3 /* Release */ = {
			isa = XCBuildConfiguration;
			buildSettings = {
				ASSETCATALOG_COMPILER_APPICON_NAME = AppIcon;
				CODE_SIGN_STYLE = Manual;
				DEVELOPMENT_TEAM = "";
				INFOPLIST_FILE = NewsProject/Info.plist;
				LD_RUNPATH_SEARCH_PATHS = (
					"$(inherited)",
					"@executable_path/Frameworks",
				);
				PRODUCT_BUNDLE_IDENTIFIER = com.app.NewsProject;
				PRODUCT_NAME = "$(TARGET_NAME)";
				PROVISIONING_PROFILE_SPECIFIER = "";
				SWIFT_VERSION = 4.2;
				TARGETED_DEVICE_FAMILY = "1,2";
			};
			name = Release;
		};
/* End XCBuildConfiguration section */

/* Begin XCConfigurationList section */
		4BC79D9F22102D4A00F57AA3 /* Build configuration list for PBXProject "NewsProject" */ = {
			isa = XCConfigurationList;
			buildConfigurations = (
				4BC79DCA22102D4B00F57AA3 /* Debug */,
				4BC79DCB22102D4B00F57AA3 /* Release */,
			);
			defaultConfigurationIsVisible = 0;
			defaultConfigurationName = Release;
		};
		4BC79DCC22102D4B00F57AA3 /* Build configuration list for PBXNativeTarget "NewsProject" */ = {
			isa = XCConfigurationList;
			buildConfigurations = (
				4BC79DCD22102D4B00F57AA3 /* Debug */,
				4BC79DCE22102D4B00F57AA3 /* Release */,
			);
			defaultConfigurationIsVisible = 0;
			defaultConfigurationName = Release;
		};
/* End XCConfigurationList section */
	};
	rootObject = 4BC79D9C22102D4A00F57AA3 /* Project object */;
}
